
Microsoft Visual Studio Solution File, Format Version 12.00
# Visual Studio 14
VisualStudioVersion = 14.0.25123.0
MinimumVisualStudioVersion = 10.0.40219.1
Project("{FAE04EC0-301F-11D3-BF4B-00C04F79EFBC}") = "Authority.UI", "Authority.UI\Authority.UI.csproj", "{A534C2D2-1C5A-4095-8C90-607B3A9AD157}"
EndProject
Project("{FAE04EC0-301F-11D3-BF4B-00C04F79EFBC}") = "Common.UnitOfWork", "Common.UnitOfWork\Common.UnitOfWork.csproj", "{07BE927B-C588-4B41-A988-4042256A0CAD}"
EndProject
Project("{FAE04EC0-301F-11D3-BF4B-00C04F79EFBC}") = "Authority.Entity", "Authority.Entity\Authority.Entity.csproj", "{A9501D7A-CA86-4374-8910-0344C5927DC7}"
EndProject
Project("{FAE04EC0-301F-11D3-BF4B-00C04F79EFBC}") = "Authority.Service", "Authority.Service\Authority.Service.csproj", "{C65D1731-8A81-470E-BB19-83049CF1D0F7}"
EndProject
Project("{FAE04EC0-301F-11D3-BF4B-00C04F79EFBC}") = "Authority.Model", "Authority.Model\Authority.Model.csproj", "{26FF3B7A-3635-480F-BF62-2B3F6D29A551}"
EndProject
Project("{FAE04EC0-301F-11D3-BF4B-00C04F79EFBC}") = "Common.ExpandMVC", "Common.Expand.MVC\Common.ExpandMVC.csproj", "{9DD9409B-30FE-4652-9C47-C3134F9F51F8}"
EndProject
Project("{FAE04EC0-301F-11D3-BF4B-00C04F79EFBC}") = "ConsoleOauth", "ConsoleOauth\ConsoleOauth.csproj", "{4FA97DA8-E67F-4E37-B50A-643CA2BB4579}"
EndProject
Global
	GlobalSection(SolutionConfigurationPlatforms) = preSolution
		Debug|Any CPU = Debug|Any CPU
		Release|Any CPU = Release|Any CPU
	EndGlobalSection
	GlobalSection(ProjectConfigurationPlatforms) = postSolution
		{A534C2D2-1C5A-4095-8C90-607B3A9AD157}.Debug|Any CPU.ActiveCfg = Debug|Any CPU
		{A534C2D2-1C5A-4095-8C90-607B3A9AD157}.Debug|Any CPU.Build.0 = Debug|Any CPU
		{A534C2D2-1C5A-4095-8C90-607B3A9AD157}.Release|Any CPU.ActiveCfg = Release|Any CPU
		{A534C2D2-1C5A-4095-8C90-607B3A9AD157}.Release|Any CPU.Build.0 = Release|Any CPU
		{07BE927B-C588-4B41-A988-4042256A0CAD}.Debug|Any CPU.ActiveCfg = Debug|Any CPU
		{07BE927B-C588-4B41-A988-4042256A0CAD}.Debug|Any CPU.Build.0 = Debug|Any CPU
		{07BE927B-C588-4B41-A988-4042256A0CAD}.Release|Any CPU.ActiveCfg = Release|Any CPU
		{07BE927B-C588-4B41-A988-4042256A0CAD}.Release|Any CPU.Build.0 = Release|Any CPU
		{A9501D7A-CA86-4374-8910-0344C5927DC7}.Debug|Any CPU.ActiveCfg = Debug|Any CPU
		{A9501D7A-CA86-4374-8910-0344C5927DC7}.Debug|Any CPU.Build.0 = Debug|Any CPU
		{A9501D7A-CA86-4374-8910-0344C5927DC7}.Release|Any CPU.ActiveCfg = Release|Any CPU
		{A9501D7A-CA86-4374-8910-0344C5927DC7}.Release|Any CPU.Build.0 = Release|Any CPU
		{C65D1731-8A81-470E-BB19-83049CF1D0F7}.Debug|Any CPU.ActiveCfg = Debug|Any CPU
		{C65D1731-8A81-470E-BB19-83049CF1D0F7}.Debug|Any CPU.Build.0 = Debug|Any CPU
		{C65D1731-8A81-470E-BB19-83049CF1D0F7}.Release|Any CPU.ActiveCfg = Release|Any CPU
		{C65D1731-8A81-470E-BB19-83049CF1D0F7}.Release|Any CPU.Build.0 = Release|Any CPU
		{26FF3B7A-3635-480F-BF62-2B3F6D29A551}.Debug|Any CPU.ActiveCfg = Debug|Any CPU
		{26FF3B7A-3635-480F-BF62-2B3F6D29A551}.Debug|Any CPU.Build.0 = Debug|Any CPU
		{26FF3B7A-3635-480F-BF62-2B3F6D29A551}.Release|Any CPU.ActiveCfg = Release|Any CPU
		{26FF3B7A-3635-480F-BF62-2B3F6D29A551}.Release|Any CPU.Build.0 = Release|Any CPU
		{9DD9409B-30FE-4652-9C47-C3134F9F51F8}.Debug|Any CPU.ActiveCfg = Debug|Any CPU
		{9DD9409B-30FE-4652-9C47-C3134F9F51F8}.Debug|Any CPU.Build.0 = Debug|Any CPU
		{9DD9409B-30FE-4652-9C47-C3134F9F51F8}.Release|Any CPU.ActiveCfg = Release|Any CPU
		{9DD9409B-30FE-4652-9C47-C3134F9F51F8}.Release|Any CPU.Build.0 = Release|Any CPU
		{4FA97DA8-E67F-4E37-B50A-643CA2BB4579}.Debug|Any CPU.ActiveCfg = Debug|Any CPU
		{4FA97DA8-E67F-4E37-B50A-643CA2BB4579}.Debug|Any CPU.Build.0 = Debug|Any CPU
		{4FA97DA8-E67F-4E37-B50A-643CA2BB4579}.Release|Any CPU.ActiveCfg = Release|Any CPU
		{4FA97DA8-E67F-4E37-B50A-643CA2BB4579}.Release|Any CPU.Build.0 = Release|Any CPU
	EndGlobalSection
	GlobalSection(SolutionProperties) = preSolution
		HideSolutionNode = FALSE
	EndGlobalSection
EndGlobal
